
Microsoft Visual Studio Solution File, Format Version 12.00
# Visual Studio Version 16
VisualStudioVersion = 16.0.30907.101
MinimumVisualStudioVersion = 10.0.40219.1
Project("{FAE04EC0-301F-11D3-BF4B-00C04F79EFBC}") = "MyDictionary1", "MyDictionary1\MyDictionary1.csproj", "{D2C65D68-06E8-4097-8DA6-083B5B6761AA}"
EndProject
Global
	GlobalSection(SolutionConfigurationPlatforms) = preSolution
		Debug|Any CPU = Debug|Any CPU
		Release|Any CPU = Release|Any CPU
	EndGlobalSection
	GlobalSection(ProjectConfigurationPlatforms) = postSolution
		{D2C65D68-06E8-4097-8DA6-083B5B6761AA}.Debug|Any CPU.ActiveCfg = Debug|Any CPU
		{D2C65D68-06E8-4097-8DA6-083B5B6761AA}.Debug|Any CPU.Build.0 = Debug|Any CPU
		{D2C65D68-06E8-4097-8DA6-083B5B6761AA}.Release|Any CPU.ActiveCfg = Release|Any CPU
		{D2C65D68-06E8-4097-8DA6-083B5B6761AA}.Release|Any CPU.Build.0 = Release|Any CPU
	EndGlobalSection
	GlobalSection(SolutionProperties) = preSolution
		HideSolutionNode = FALSE
	EndGlobalSection
	GlobalSection(ExtensibilityGlobals) = postSolution
		SolutionGuid = {B9DF3152-DAFA-477B-BBD0-65D14982E328}
	EndGlobalSection
EndGlobal
